
Microsoft Visual Studio Solution File, Format Version 12.00
# Visual Studio 15
VisualStudioVersion = 15.0.28307.1340
MinimumVisualStudioVersion = 10.0.40219.1
Project("{FAE04EC0-301F-11D3-BF4B-00C04F79EFBC}") = "Passiflora", "Passiflora\Passiflora.csproj", "{3F3489D7-4E63-425D-8E19-5F04D042875E}"
EndProject
Global
	GlobalSection(SolutionConfigurationPlatforms) = preSolution
		Debug|Any CPU = Debug|Any CPU
		Release|Any CPU = Release|Any CPU
	EndGlobalSection
	GlobalSection(ProjectConfigurationPlatforms) = postSolution
		{3F3489D7-4E63-425D-8E19-5F04D042875E}.Debug|Any CPU.ActiveCfg = Debug|Any CPU
		{3F3489D7-4E63-425D-8E19-5F04D042875E}.Debug|Any CPU.Build.0 = Debug|Any CPU
		{3F3489D7-4E63-425D-8E19-5F04D042875E}.Release|Any CPU.ActiveCfg = Release|Any CPU
		{3F3489D7-4E63-425D-8E19-5F04D042875E}.Release|Any CPU.Build.0 = Release|Any CPU
	EndGlobalSection
	GlobalSection(SolutionProperties) = preSolution
		HideSolutionNode = FALSE
	EndGlobalSection
	GlobalSection(ExtensibilityGlobals) = postSolution
		SolutionGuid = {0C89E334-B3C0-40B3-AD6E-DEA12456D671}
	EndGlobalSection
EndGlobal
